
Microsoft Visual Studio Solution File, Format Version 12.00
# Visual Studio Version 17
VisualStudioVersion = 17.9.34622.214
MinimumVisualStudioVersion = 10.0.40219.1
Project("{FAE04EC0-301F-11D3-BF4B-00C04F79EFBC}") = "CSharpDiretoAoPontoHelloWorld", "CSharpDiretoAoPontoHelloWorld\CSharpDiretoAoPontoHelloWorld.csproj", "{C317B668-1784-4D0E-B6FE-799F8E93E287}"
EndProject
Global
	GlobalSection(SolutionConfigurationPlatforms) = preSolution
		Debug|Any CPU = Debug|Any CPU
		Release|Any CPU = Release|Any CPU
	EndGlobalSection
	GlobalSection(ProjectConfigurationPlatforms) = postSolution
		{C317B668-1784-4D0E-B6FE-799F8E93E287}.Debug|Any CPU.ActiveCfg = Debug|Any CPU
		{C317B668-1784-4D0E-B6FE-799F8E93E287}.Debug|Any CPU.Build.0 = Debug|Any CPU
		{C317B668-1784-4D0E-B6FE-799F8E93E287}.Release|Any CPU.ActiveCfg = Release|Any CPU
		{C317B668-1784-4D0E-B6FE-799F8E93E287}.Release|Any CPU.Build.0 = Release|Any CPU
	EndGlobalSection
	GlobalSection(SolutionProperties) = preSolution
		HideSolutionNode = FALSE
	EndGlobalSection
	GlobalSection(ExtensibilityGlobals) = postSolution
		SolutionGuid = {0B909A96-1946-485E-81BD-E3F9E175BF9E}
	EndGlobalSection
EndGlobal
