
Microsoft Visual Studio Solution File, Format Version 12.00
# Visual Studio Version 17
VisualStudioVersion = 17.9.34622.214
MinimumVisualStudioVersion = 10.0.40219.1
Project("{FAE04EC0-301F-11D3-BF4B-00C04F79EFBC}") = "03-ExercicioPropostoHerancaEPolimorfismo", "03-ExercicioPropostoHerancaEPolimorfismo\03-ExercicioPropostoHerancaEPolimorfismo.csproj", "{BEAC5355-A0AF-4478-AB94-7D3954919DD7}"
EndProject
Global
	GlobalSection(SolutionConfigurationPlatforms) = preSolution
		Debug|Any CPU = Debug|Any CPU
		Release|Any CPU = Release|Any CPU
	EndGlobalSection
	GlobalSection(ProjectConfigurationPlatforms) = postSolution
		{BEAC5355-A0AF-4478-AB94-7D3954919DD7}.Debug|Any CPU.ActiveCfg = Debug|Any CPU
		{BEAC5355-A0AF-4478-AB94-7D3954919DD7}.Debug|Any CPU.Build.0 = Debug|Any CPU
		{BEAC5355-A0AF-4478-AB94-7D3954919DD7}.Release|Any CPU.ActiveCfg = Release|Any CPU
		{BEAC5355-A0AF-4478-AB94-7D3954919DD7}.Release|Any CPU.Build.0 = Release|Any CPU
	EndGlobalSection
	GlobalSection(SolutionProperties) = preSolution
		HideSolutionNode = FALSE
	EndGlobalSection
	GlobalSection(ExtensibilityGlobals) = postSolution
		SolutionGuid = {581CC110-A12C-4AD2-A7A4-DFDD1BDA90A4}
	EndGlobalSection
EndGlobal
